
Microsoft Visual Studio Solution File, Format Version 12.00
# Visual Studio 2012
Project("{FAE04EC0-301F-11D3-BF4B-00C04F79EFBC}") = "WDAtendimentoHelper", "WDAtendimentoHelper\WDAtendimentoHelper.csproj", "{02595B6B-1ACD-4AA7-925E-1B35B1B368A9}"
EndProject
Project("{FAE04EC0-301F-11D3-BF4B-00C04F79EFBC}") = "Entidades", "Entidades\Entidades.csproj", "{8A4CC818-19F4-4189-981F-B38BF1CA8BB3}"
EndProject
Global
	GlobalSection(SolutionConfigurationPlatforms) = preSolution
		Debug|Any CPU = Debug|Any CPU
		Release|Any CPU = Release|Any CPU
	EndGlobalSection
	GlobalSection(ProjectConfigurationPlatforms) = postSolution
		{02595B6B-1ACD-4AA7-925E-1B35B1B368A9}.Debug|Any CPU.ActiveCfg = Debug|Any CPU
		{02595B6B-1ACD-4AA7-925E-1B35B1B368A9}.Debug|Any CPU.Build.0 = Debug|Any CPU
		{02595B6B-1ACD-4AA7-925E-1B35B1B368A9}.Release|Any CPU.ActiveCfg = Release|Any CPU
		{02595B6B-1ACD-4AA7-925E-1B35B1B368A9}.Release|Any CPU.Build.0 = Release|Any CPU
		{8A4CC818-19F4-4189-981F-B38BF1CA8BB3}.Debug|Any CPU.ActiveCfg = Debug|Any CPU
		{8A4CC818-19F4-4189-981F-B38BF1CA8BB3}.Debug|Any CPU.Build.0 = Debug|Any CPU
		{8A4CC818-19F4-4189-981F-B38BF1CA8BB3}.Release|Any CPU.ActiveCfg = Release|Any CPU
		{8A4CC818-19F4-4189-981F-B38BF1CA8BB3}.Release|Any CPU.Build.0 = Release|Any CPU
	EndGlobalSection
	GlobalSection(SolutionProperties) = preSolution
		HideSolutionNode = FALSE
	EndGlobalSection
EndGlobal
